
Microsoft Visual Studio Solution File, Format Version 12.00
# Visual Studio Version 16
VisualStudioVersion = 16.0.31515.178
MinimumVisualStudioVersion = 10.0.40219.1
Project("{FAE04EC0-301F-11D3-BF4B-00C04F79EFBC}") = "NotasALumno3Capas", "NotasALumno3Capas\NotasALumno3Capas.csproj", "{31DDF04B-F086-4163-AC1E-A632A71149DF}"
EndProject
Global
	GlobalSection(SolutionConfigurationPlatforms) = preSolution
		Debug|Any CPU = Debug|Any CPU
		Release|Any CPU = Release|Any CPU
	EndGlobalSection
	GlobalSection(ProjectConfigurationPlatforms) = postSolution
		{31DDF04B-F086-4163-AC1E-A632A71149DF}.Debug|Any CPU.ActiveCfg = Debug|Any CPU
		{31DDF04B-F086-4163-AC1E-A632A71149DF}.Debug|Any CPU.Build.0 = Debug|Any CPU
		{31DDF04B-F086-4163-AC1E-A632A71149DF}.Release|Any CPU.ActiveCfg = Release|Any CPU
		{31DDF04B-F086-4163-AC1E-A632A71149DF}.Release|Any CPU.Build.0 = Release|Any CPU
	EndGlobalSection
	GlobalSection(SolutionProperties) = preSolution
		HideSolutionNode = FALSE
	EndGlobalSection
	GlobalSection(ExtensibilityGlobals) = postSolution
		SolutionGuid = {A1F91CB9-B662-4281-A97D-F023D85BA24D}
	EndGlobalSection
EndGlobal
